github.com/fsnotify/fsnotify v1.4.7 h1:IXs+QLmnXW2CcXuY+8Mzv/fWEsPGWxqefPtCP5CnV9I=
github.com/fsnotify/fsnotify v1.4.7/go.mod h1:jwhsz4b93w/PPRr/qN1Yymfu8t87LnFCMoQvtojpjFo=
golang.org/x/crypto v0.0.0-20190103213133-ff983b9c42bc h1:F5tKCVGp+MUAHhKp5MZtGqAlGX3+oCsiL1Q629FL90M=
golang.org/x/crypto v0.0.0-20190103213133-ff983b9c42bc/go.mod h1:6SG95UA2DQfeDnfUPMdvaQW0Q7yPrPDi9nlGo2tz2b4=
golang.org/x/sys v0.0.0-20190116161447-11f53e031339 h1:g/Jesu8+QLnA0CPzF3E1pURg0Byr7i6jLoX5sqjcAh0=
golang.org/x/sys v0.0.0-20190116161447-11f53e031339/go.mod h1:STP8DvDyc/dI5b8T5hshtkjS+E42TnysNCUPdjciGhY=
gopkg.in/gomail.v2 v2.0.0-20160411212932-81ebce5c23df h1:n7WqCuqOuCbNr617RXOY0AWRXxgwEyPp2z+p0+hgMuE=
gopkg.in/gomail.v2 v2.0.0-20160411212932-81ebce5c23df/go.mod h1:LRQQ+SO6ZHR7tOkpBDuZnXENFzX8qRjMDMyPD6BRkCw=
gopkg.in/hlandau/easymetric.v1 v1.0.0 h1:ZbfbH7W3giuVDjWUoFhDOjjv20hiPr5HZ2yMV5f9IeE=
gopkg.in/hlandau/easymetric.v1 v1.0.0/go.mod h1:yh75hypuFzAxmvECh3ZKGCvFnIfapYJh2wv7ASaX2RE=
gopkg.in/hlandau/measurable.v1 v1.0.1 h1:wH5UZKCRUnRr1iD+xIZfwhtxhmr+bprRJttqA1Rklf4=
gopkg.in/hlandau/measurable.v1 v1.0.1/go.mod h1:6N+SYJGMTmetsx7wskULP+juuO+++tsHJkAgzvzsbuM=
gopkg.in/hlandau/passlib.v1 v1.0.10 h1:q5xh9ZHp907XTjVw8/EqG03//fnlITnIYQmv4Gn7TpE=
gopkg.in/hlandau/passlib.v1 v1.0.10/go.mod h1:wxGAv2CtQHlzWY8NJp+p045yl4WHyX7v2T6XbOcmqjM=
